
Microsoft Visual Studio Solution File, Format Version 12.00
# Visual Studio Version 17
VisualStudioVersion = 17.4.33213.308
MinimumVisualStudioVersion = 10.0.40219.1
Project("{FAE04EC0-301F-11D3-BF4B-00C04F79EFBC}") = "DecoratorDiagram", "DecoratorDiagram\DecoratorDiagram.csproj", "{4FA88C1F-CF1B-49F1-8477-65AA6DA10CE5}"
EndProject
Global
	GlobalSection(SolutionConfigurationPlatforms) = preSolution
		Debug|Any CPU = Debug|Any CPU
		Release|Any CPU = Release|Any CPU
	EndGlobalSection
	GlobalSection(ProjectConfigurationPlatforms) = postSolution
		{4FA88C1F-CF1B-49F1-8477-65AA6DA10CE5}.Debug|Any CPU.ActiveCfg = Debug|Any CPU
		{4FA88C1F-CF1B-49F1-8477-65AA6DA10CE5}.Debug|Any CPU.Build.0 = Debug|Any CPU
		{4FA88C1F-CF1B-49F1-8477-65AA6DA10CE5}.Release|Any CPU.ActiveCfg = Release|Any CPU
		{4FA88C1F-CF1B-49F1-8477-65AA6DA10CE5}.Release|Any CPU.Build.0 = Release|Any CPU
	EndGlobalSection
	GlobalSection(SolutionProperties) = preSolution
		HideSolutionNode = FALSE
	EndGlobalSection
	GlobalSection(ExtensibilityGlobals) = postSolution
		SolutionGuid = {C0B96181-BDFF-4129-AC85-E9710ACB060F}
	EndGlobalSection
EndGlobal
